
Microsoft Visual Studio Solution File, Format Version 12.00
# Visual Studio Version 17
VisualStudioVersion = 17.5.002.0
MinimumVisualStudioVersion = 10.0.40219.1
Project("{9A19103F-16F7-4668-BE54-9A1E7A4F7556}") = "jitulearn", "jitulearn.csproj", "{E8110C31-CB15-4D29-9E63-D7A62EFB711B}"
EndProject
Global
	GlobalSection(SolutionConfigurationPlatforms) = preSolution
		Debug|Any CPU = Debug|Any CPU
		Release|Any CPU = Release|Any CPU
	EndGlobalSection
	GlobalSection(ProjectConfigurationPlatforms) = postSolution
		{E8110C31-CB15-4D29-9E63-D7A62EFB711B}.Debug|Any CPU.ActiveCfg = Debug|Any CPU
		{E8110C31-CB15-4D29-9E63-D7A62EFB711B}.Debug|Any CPU.Build.0 = Debug|Any CPU
		{E8110C31-CB15-4D29-9E63-D7A62EFB711B}.Release|Any CPU.ActiveCfg = Release|Any CPU
		{E8110C31-CB15-4D29-9E63-D7A62EFB711B}.Release|Any CPU.Build.0 = Release|Any CPU
	EndGlobalSection
	GlobalSection(SolutionProperties) = preSolution
		HideSolutionNode = FALSE
	EndGlobalSection
	GlobalSection(ExtensibilityGlobals) = postSolution
		SolutionGuid = {F43F2BF0-711A-44FC-B845-04A76ECED052}
	EndGlobalSection
EndGlobal
